// !$*UTF8*$!
{
	archiveVersion = 1;
	classes = {
	};
	objectVersion = 46;
	objects = {

/* Begin PBXBuildFile section */
		59473A271AD13F1E00F05469 /* CGPDFDocument.m in Sources */ = {isa = PBXBuildFile; fileRef = 59473A001AD13F1E00F05469 /* CGPDFDocument.m */; };
		59473A281AD13F1E00F05469 /* ReaderConstants.m in Sources */ = {isa = PBXBuildFile; fileRef = 59473A021AD13F1E00F05469 /* ReaderConstants.m */; };
		59473A291AD13F1E00F05469 /* ReaderContentPage.m in Sources */ = {isa = PBXBuildFile; fileRef = 59473A041AD13F1E00F05469 /* ReaderContentPage.m */; };
		59473A2A1AD13F1E00F05469 /* ReaderContentTile.m in Sources */ = {isa = PBXBuildFile; fileRef = 59473A061AD13F1E00F05469 /* ReaderContentTile.m */; };
		59473A2B1AD13F1E00F05469 /* ReaderContentView.m in Sources */ = {isa = PBXBuildFile; fileRef = 59473A081AD13F1E00F05469 /* ReaderContentView.m */; };
		59473A2C1AD13F1E00F05469 /* ReaderDocument.m in Sources */ = {isa = PBXBuildFile; fileRef = 59473A0A1AD13F1E00F05469 /* ReaderDocument.m */; };
		59473A2D1AD13F1E00F05469 /* ReaderDocumentOutline.m in Sources */ = {isa = PBXBuildFile; fileRef = 59473A0C1AD13F1E00F05469 /* ReaderDocumentOutline.m */; };
		59473A2E1AD13F1E00F05469 /* ReaderMainPagebar.m in Sources */ = {isa = PBXBuildFile; fileRef = 59473A0E1AD13F1E00F05469 /* ReaderMainPagebar.m */; };
		59473A2F1AD13F1E00F05469 /* ReaderMainToolbar.m in Sources */ = {isa = PBXBuildFile; fileRef = 59473A101AD13F1E00F05469 /* ReaderMainToolbar.m */; };
		59473A301AD13F1E00F05469 /* ReaderThumbCache.m in Sources */ = {isa = PBXBuildFile; fileRef = 59473A121AD13F1E00F05469 /* ReaderThumbCache.m */; };
		59473A311AD13F1E00F05469 /* ReaderThumbFetch.m in Sources */ = {isa = PBXBuildFile; fileRef = 59473A141AD13F1E00F05469 /* ReaderThumbFetch.m */; };
		59473A321AD13F1E00F05469 /* ReaderThumbQueue.m in Sources */ = {isa = PBXBuildFile; fileRef = 59473A161AD13F1E00F05469 /* ReaderThumbQueue.m */; };
		59473A331AD13F1E00F05469 /* ReaderThumbRender.m in Sources */ = {isa = PBXBuildFile; fileRef = 59473A181AD13F1E00F05469 /* ReaderThumbRender.m */; };
		59473A341AD13F1E00F05469 /* ReaderThumbRequest.m in Sources */ = {isa = PBXBuildFile; fileRef = 59473A1A1AD13F1E00F05469 /* ReaderThumbRequest.m */; };
		59473A351AD13F1E00F05469 /* ReaderThumbsView.m in Sources */ = {isa = PBXBuildFile; fileRef = 59473A1C1AD13F1E00F05469 /* ReaderThumbsView.m */; };
		59473A361AD13F1E00F05469 /* ReaderThumbView.m in Sources */ = {isa = PBXBuildFile; fileRef = 59473A1E1AD13F1E00F05469 /* ReaderThumbView.m */; };
		59473A371AD13F1E00F05469 /* ReaderViewController.m in Sources */ = {isa = PBXBuildFile; fileRef = 59473A201AD13F1E00F05469 /* ReaderViewController.m */; };
		59473A381AD13F1E00F05469 /* ThumbsMainToolbar.m in Sources */ = {isa = PBXBuildFile; fileRef = 59473A221AD13F1E00F05469 /* ThumbsMainToolbar.m */; };
		59473A391AD13F1E00F05469 /* ThumbsViewController.m in Sources */ = {isa = PBXBuildFile; fileRef = 59473A241AD13F1E00F05469 /* ThumbsViewController.m */; };
		59473A3A1AD13F1E00F05469 /* UIXToolbarView.m in Sources */ = {isa = PBXBuildFile; fileRef = 59473A261AD13F1E00F05469 /* UIXToolbarView.m */; };
		59473A3D1AD13F2D00F05469 /* FLGVfrReaderViewController.m in Sources */ = {isa = PBXBuildFile; fileRef = 59473A3C1AD13F2D00F05469 /* FLGVfrReaderViewController.m */; };
		59473A3F1AD1432400F05469 /* Reader.pdf in Resources */ = {isa = PBXBuildFile; fileRef = 59473A3E1AD1432400F05469 /* Reader.pdf */; };
		59473A511AD147E200F05469 /* Reader-Button-H.png in Resources */ = {isa = PBXBuildFile; fileRef = 59473A411AD147E200F05469 /* Reader-Button-H.png */; };
		59473A521AD147E200F05469 /* Reader-Button-H@2x.png in Resources */ = {isa = PBXBuildFile; fileRef = 59473A421AD147E200F05469 /* Reader-Button-H@2x.png */; };
		59473A531AD147E200F05469 /* Reader-Button-N.png in Resources */ = {isa = PBXBuildFile; fileRef = 59473A431AD147E200F05469 /* Reader-Button-N.png */; };
		59473A541AD147E200F05469 /* Reader-Button-N@2x.png in Resources */ = {isa = PBXBuildFile; fileRef = 59473A441AD147E200F05469 /* Reader-Button-N@2x.png */; };
		59473A551AD147E200F05469 /* Reader-Email.png in Resources */ = {isa = PBXBuildFile; fileRef = 59473A451AD147E200F05469 /* Reader-Email.png */; };
		59473A561AD147E200F05469 /* Reader-Email@2x.png in Resources */ = {isa = PBXBuildFile; fileRef = 59473A461AD147E200F05469 /* Reader-Email@2x.png */; };
		59473A571AD147E200F05469 /* Reader-Export.png in Resources */ = {isa = PBXBuildFile; fileRef = 59473A471AD147E200F05469 /* Reader-Export.png */; };
		59473A581AD147E200F05469 /* Reader-Export@2x.png in Resources */ = {isa = PBXBuildFile; fileRef = 59473A481AD147E200F05469 /* Reader-Export@2x.png */; };
		59473A591AD147E200F05469 /* Reader-Mark-N.png in Resources */ = {isa = PBXBuildFile; fileRef = 59473A491AD147E200F05469 /* Reader-Mark-N.png */; };
		59473A5A1AD147E200F05469 /* Reader-Mark-N@2x.png in Resources */ = {isa = PBXBuildFile; fileRef = 59473A4A1AD147E200F05469 /* Reader-Mark-N@2x.png */; };
		59473A5B1AD147E200F05469 /* Reader-Mark-Y.png in Resources */ = {isa = PBXBuildFile; fileRef = 59473A4B1AD147E200F05469 /* Reader-Mark-Y.png */; };
		59473A5C1AD147E200F05469 /* Reader-Mark-Y@2x.png in Resources */ = {isa = PBXBuildFile; fileRef = 59473A4C1AD147E200F05469 /* Reader-Mark-Y@2x.png */; };
		59473A5D1AD147E200F05469 /* Reader-Print.png in Resources */ = {isa = PBXBuildFile; fileRef = 59473A4D1AD147E200F05469 /* Reader-Print.png */; };
		59473A5E1AD147E200F05469 /* Reader-Print@2x.png in Resources */ = {isa = PBXBuildFile; fileRef = 59473A4E1AD147E200F05469 /* Reader-Print@2x.png */; };
		59473A5F1AD147E200F05469 /* Reader-Thumbs.png in Resources */ = {isa = PBXBuildFile; fileRef = 59473A4F1AD147E200F05469 /* Reader-Thumbs.png */; };
		59473A601AD147E200F05469 /* Reader-Thumbs@2x.png in Resources */ = {isa = PBXBuildFile; fileRef = 59473A501AD147E200F05469 /* Reader-Thumbs@2x.png */; };
		59473A621AD14A8300F05469 /* Practica.pdf in Resources */ = {isa = PBXBuildFile; fileRef = 59473A611AD14A8300F05469 /* Practica.pdf */; };
		59473A671AD1BE2A00F05469 /* ReaderDocument+FLGHackerBooks.m in Sources */ = {isa = PBXBuildFile; fileRef = 59473A661AD1BE2A00F05469 /* ReaderDocument+FLGHackerBooks.m */; };
		5949E6F71ACCAC1A009E2DAB /* FLGPdfViewController.m in Sources */ = {isa = PBXBuildFile; fileRef = 5949E6F51ACCAC1A009E2DAB /* FLGPdfViewController.m */; };
		5949E6F81ACCAC1A009E2DAB /* FLGPdfViewController.xib in Resources */ = {isa = PBXBuildFile; fileRef = 5949E6F61ACCAC1A009E2DAB /* FLGPdfViewController.xib */; };
		5949E6FC1ACD84E9009E2DAB /* FLGBookTableViewCell.m in Sources */ = {isa = PBXBuildFile; fileRef = 5949E6FA1ACD84E9009E2DAB /* FLGBookTableViewCell.m */; };
		5949E6FD1ACD84E9009E2DAB /* FLGBookTableViewCell.xib in Resources */ = {isa = PBXBuildFile; fileRef = 5949E6FB1ACD84E9009E2DAB /* FLGBookTableViewCell.xib */; };
		5949E7021ACD9013009E2DAB /* favourite_off.png in Resources */ = {isa = PBXBuildFile; fileRef = 5949E7001ACD9013009E2DAB /* favourite_off.png */; };
		5949E7031ACD9013009E2DAB /* favourite_on.png in Resources */ = {isa = PBXBuildFile; fileRef = 5949E7011ACD9013009E2DAB /* favourite_on.png */; };
		5949E70C1ACD94D7009E2DAB /* open_pdf.png in Resources */ = {isa = PBXBuildFile; fileRef = 5949E70A1ACD94D7009E2DAB /* open_pdf.png */; };
		5949E70D1ACD94D7009E2DAB /* open_pdf@2x.png in Resources */ = {isa = PBXBuildFile; fileRef = 5949E70B1ACD94D7009E2DAB /* open_pdf@2x.png */; };
		5949E7141ACEEED4009E2DAB /* FLGBookViewController~iphone.xib in Resources */ = {isa = PBXBuildFile; fileRef = 5949E7131ACEEED4009E2DAB /* FLGBookViewController~iphone.xib */; };
		5949E7161ACF221E009E2DAB /* saved_on.png in Resources */ = {isa = PBXBuildFile; fileRef = 5949E7151ACF221E009E2DAB /* saved_on.png */; };
		5949E71A1ACF23E7009E2DAB /* favourite_icon_off.png in Resources */ = {isa = PBXBuildFile; fileRef = 5949E7171ACF23E7009E2DAB /* favourite_icon_off.png */; };
		5949E71B1ACF23E7009E2DAB /* favourite_icon_on.png in Resources */ = {isa = PBXBuildFile; fileRef = 5949E7181ACF23E7009E2DAB /* favourite_icon_on.png */; };
		5949E71C1ACF23E7009E2DAB /* saved_icon.png in Resources */ = {isa = PBXBuildFile; fileRef = 5949E7191ACF23E7009E2DAB /* saved_icon.png */; };
		5993FCE61ACB71E500273B61 /* FLGSandboxUtils.m in Sources */ = {isa = PBXBuildFile; fileRef = 5993FCE51ACB71E500273B61 /* FLGSandboxUtils.m */; };
		5993FCEE1ACC99ED00273B61 /* FLGBookViewController.m in Sources */ = {isa = PBXBuildFile; fileRef = 5993FCEC1ACC99ED00273B61 /* FLGBookViewController.m */; };
		5993FCEF1ACC99ED00273B61 /* FLGBookViewController.xib in Resources */ = {isa = PBXBuildFile; fileRef = 5993FCED1ACC99ED00273B61 /* FLGBookViewController.xib */; };
		59FDD5A11AC99B5B0062037B /* main.m in Sources */ = {isa = PBXBuildFile; fileRef = 59FDD5A01AC99B5B0062037B /* main.m */; };
		59FDD5A41AC99B5B0062037B /* AppDelegate.m in Sources */ = {isa = PBXBuildFile; fileRef = 59FDD5A31AC99B5B0062037B /* AppDelegate.m */; };
		59FDD5A61AC99B5B0062037B /* Images.xcassets in Resources */ = {isa = PBXBuildFile; fileRef = 59FDD5A51AC99B5B0062037B /* Images.xcassets */; };
		59FDD5A91AC99B5B0062037B /* LaunchScreen.xib in Resources */ = {isa = PBXBuildFile; fileRef = 59FDD5A71AC99B5B0062037B /* LaunchScreen.xib */; };
		59FDD5B51AC99B5B0062037B /* HackerBooksTests.m in Sources */ = {isa = PBXBuildFile; fileRef = 59FDD5B41AC99B5B0062037B /* HackerBooksTests.m */; };
		59FDD5C21AC99F2D0062037B /* FLGBook.m in Sources */ = {isa = PBXBuildFile; fileRef = 59FDD5C11AC99F2D0062037B /* FLGBook.m */; };
		59FDD5C61AC9A0ED0062037B /* FLGLibrary.m in Sources */ = {isa = PBXBuildFile; fileRef = 59FDD5C51AC9A0ED0062037B /* FLGLibrary.m */; };
		59FDD5CC1ACA82C60062037B /* FLGJSONUtils.m in Sources */ = {isa = PBXBuildFile; fileRef = 59FDD5CB1ACA82C60062037B /* FLGJSONUtils.m */; };
		59FDD5D01ACA97150062037B /* FLGLibraryTableViewController.m in Sources */ = {isa = PBXBuildFile; fileRef = 59FDD5CF1ACA97150062037B /* FLGLibraryTableViewController.m */; };
/* End PBXBuildFile section */

/* Begin PBXContainerItemProxy section */
		59FDD5AF1AC99B5B0062037B /* PBXContainerItemProxy */ = {
			isa = PBXContainerItemProxy;
			containerPortal = 59FDD5931AC99B5B0062037B /* Project object */;
			proxyType = 1;
			remoteGlobalIDString = 59FDD59A1AC99B5B0062037B;
			remoteInfo = HackerBooks;
		};
/* End PBXContainerItemProxy section */

/* Begin PBXFileReference section */
		594739FF1AD13F1E00F05469 /* CGPDFDocument.h */ = {isa = PBXFileReference; fileEncoding = 4; lastKnownFileType = sourcecode.c.h; path = CGPDFDocument.h; sourceTree = "<group>"; };
		59473A001AD13F1E00F05469 /* CGPDFDocument.m */ = {isa = PBXFileReference; fileEncoding = 4; lastKnownFileType = sourcecode.c.objc; path = CGPDFDocument.m; sourceTree = "<group>"; };
		59473A011AD13F1E00F05469 /* ReaderConstants.h */ = {isa = PBXFileReference; fileEncoding = 4; lastKnownFileType = sourcecode.c.h; path = ReaderConstants.h; sourceTree = "<group>"; };
		59473A021AD13F1E00F05469 /* ReaderConstants.m */ = {isa = PBXFileReference; fileEncoding = 4; lastKnownFileType = sourcecode.c.objc; path = ReaderConstants.m; sourceTree = "<group>"; };
		59473A031AD13F1E00F05469 /* ReaderContentPage.h */ = {isa = PBXFileReference; fileEncoding = 4; lastKnownFileType = sourcecode.c.h; path = ReaderContentPage.h; sourceTree = "<group>"; };
		59473A041AD13F1E00F05469 /* ReaderContentPage.m */ = {isa = PBXFileReference; fileEncoding = 4; lastKnownFileType = sourcecode.c.objc; path = ReaderContentPage.m; sourceTree = "<group>"; };
		59473A051AD13F1E00F05469 /* ReaderContentTile.h */ = {isa = PBXFileReference; fileEncoding = 4; lastKnownFileType = sourcecode.c.h; path = ReaderContentTile.h; sourceTree = "<group>"; };
		59473A061AD13F1E00F05469 /* ReaderContentTile.m */ = {isa = PBXFileReference; fileEncoding = 4; lastKnownFileType = sourcecode.c.objc; path = ReaderContentTile.m; sourceTree = "<group>"; };
		59473A071AD13F1E00F05469 /* ReaderContentView.h */ = {isa = PBXFileReference; fileEncoding = 4; lastKnownFileType = sourcecode.c.h; path = ReaderContentView.h; sourceTree = "<group>"; };
		59473A081AD13F1E00F05469 /* ReaderContentView.m */ = {isa = PBXFileReference; fileEncoding = 4; lastKnownFileType = sourcecode.c.objc; path = ReaderContentView.m; sourceTree = "<group>"; };
		59473A091AD13F1E00F05469 /* ReaderDocument.h */ = {isa = PBXFileReference; fileEncoding = 4; lastKnownFileType = sourcecode.c.h; path = ReaderDocument.h; sourceTree = "<group>"; };
		59473A0A1AD13F1E00F05469 /* ReaderDocument.m */ = {isa = PBXFileReference; fileEncoding = 4; lastKnownFileType = sourcecode.c.objc; path = ReaderDocument.m; sourceTree = "<group>"; };
		59473A0B1AD13F1E00F05469 /* ReaderDocumentOutline.h */ = {isa = PBXFileReference; fileEncoding = 4; lastKnownFileType = sourcecode.c.h; path = ReaderDocumentOutline.h; sourceTree = "<group>"; };
		59473A0C1AD13F1E00F05469 /* ReaderDocumentOutline.m */ = {isa = PBXFileReference; fileEncoding = 4; lastKnownFileType = sourcecode.c.objc; path = ReaderDocumentOutline.m; sourceTree = "<group>"; };
		59473A0D1AD13F1E00F05469 /* ReaderMainPagebar.h */ = {isa = PBXFileReference; fileEncoding = 4; lastKnownFileType = sourcecode.c.h; path = ReaderMainPagebar.h; sourceTree = "<group>"; };
		59473A0E1AD13F1E00F05469 /* ReaderMainPagebar.m */ = {isa = PBXFileReference; fileEncoding = 4; lastKnownFileType = sourcecode.c.objc; path = ReaderMainPagebar.m; sourceTree = "<group>"; };
		59473A0F1AD13F1E00F05469 /* ReaderMainToolbar.h */ = {isa = PBXFileReference; fileEncoding = 4; lastKnownFileType = sourcecode.c.h; path = ReaderMainToolbar.h; sourceTree = "<group>"; };
		59473A101AD13F1E00F05469 /* ReaderMainToolbar.m */ = {isa = PBXFileReference; fileEncoding = 4; lastKnownFileType = sourcecode.c.objc; path = ReaderMainToolbar.m; sourceTree = "<group>"; };
		59473A111AD13F1E00F05469 /* ReaderThumbCache.h */ = {isa = PBXFileReference; fileEncoding = 4; lastKnownFileType = sourcecode.c.h; path = ReaderThumbCache.h; sourceTree = "<group>"; };
		59473A121AD13F1E00F05469 /* ReaderThumbCache.m */ = {isa = PBXFileReference; fileEncoding = 4; lastKnownFileType = sourcecode.c.objc; path = ReaderThumbCache.m; sourceTree = "<group>"; };
		59473A131AD13F1E00F05469 /* ReaderThumbFetch.h */ = {isa = PBXFileReference; fileEncoding = 4; lastKnownFileType = sourcecode.c.h; path = ReaderThumbFetch.h; sourceTree = "<group>"; };
		59473A141AD13F1E00F05469 /* ReaderThumbFetch.m */ = {isa = PBXFileReference; fileEncoding = 4; lastKnownFileType = sourcecode.c.objc; path = ReaderThumbFetch.m; sourceTree = "<group>"; };
		59473A151AD13F1E00F05469 /* ReaderThumbQueue.h */ = {isa = PBXFileReference; fileEncoding = 4; lastKnownFileType = sourcecode.c.h; path = ReaderThumbQueue.h; sourceTree = "<group>"; };
		59473A161AD13F1E00F05469 /* ReaderThumbQueue.m */ = {isa = PBXFileReference; fileEncoding = 4; lastKnownFileType = sourcecode.c.objc; path = ReaderThumbQueue.m; sourceTree = "<group>"; };
		59473A171AD13F1E00F05469 /* ReaderThumbRender.h */ = {isa = PBXFileReference; fileEncoding = 4; lastKnownFileType = sourcecode.c.h; path = ReaderThumbRender.h; sourceTree = "<group>"; };
		59473A181AD13F1E00F05469 /* ReaderThumbRender.m */ = {isa = PBXFileReference; fileEncoding = 4; lastKnownFileType = sourcecode.c.objc; path = ReaderThumbRender.m; sourceTree = "<group>"; };
		59473A191AD13F1E00F05469 /* ReaderThumbRequest.h */ = {isa = PBXFileReference; fileEncoding = 4; lastKnownFileType = sourcecode.c.h; path = ReaderThumbRequest.h; sourceTree = "<group>"; };
		59473A1A1AD13F1E00F05469 /* ReaderThumbRequest.m */ = {isa = PBXFileReference; fileEncoding = 4; lastKnownFileType = sourcecode.c.objc; path = ReaderThumbRequest.m; sourceTree = "<group>"; };
		59473A1B1AD13F1E00F05469 /* ReaderThumbsView.h */ = {isa = PBXFileReference; fileEncoding = 4; lastKnownFileType = sourcecode.c.h; path = ReaderThumbsView.h; sourceTree = "<group>"; };
		59473A1C1AD13F1E00F05469 /* ReaderThumbsView.m */ = {isa = PBXFileReference; fileEncoding = 4; lastKnownFileType = sourcecode.c.objc; path = ReaderThumbsView.m; sourceTree = "<group>"; };
		59473A1D1AD13F1E00F05469 /* ReaderThumbView.h */ = {isa = PBXFileReference; fileEncoding = 4; lastKnownFileType = sourcecode.c.h; path = ReaderThumbView.h; sourceTree = "<group>"; };
		59473A1E1AD13F1E00F05469 /* ReaderThumbView.m */ = {isa = PBXFileReference; fileEncoding = 4; lastKnownFileType = sourcecode.c.objc; path = ReaderThumbView.m; sourceTree = "<group>"; };
		59473A1F1AD13F1E00F05469 /* ReaderViewController.h */ = {isa = PBXFileReference; fileEncoding = 4; lastKnownFileType = sourcecode.c.h; path = ReaderViewController.h; sourceTree = "<group>"; };
		59473A201AD13F1E00F05469 /* ReaderViewController.m */ = {isa = PBXFileReference; fileEncoding = 4; lastKnownFileType = sourcecode.c.objc; path = ReaderViewController.m; sourceTree = "<group>"; };
		59473A211AD13F1E00F05469 /* ThumbsMainToolbar.h */ = {isa = PBXFileReference; fileEncoding = 4; lastKnownFileType = sourcecode.c.h; path = ThumbsMainToolbar.h; sourceTree = "<group>"; };
		59473A221AD13F1E00F05469 /* ThumbsMainToolbar.m */ = {isa = PBXFileReference; fileEncoding = 4; lastKnownFileType = sourcecode.c.objc; path = ThumbsMainToolbar.m; sourceTree = "<group>"; };
		59473A231AD13F1E00F05469 /* ThumbsViewController.h */ = {isa = PBXFileReference; fileEncoding = 4; lastKnownFileType = sourcecode.c.h; path = ThumbsViewController.h; sourceTree = "<group>"; };
		59473A241AD13F1E00F05469 /* ThumbsViewController.m */ = {isa = PBXFileReference; fileEncoding = 4; lastKnownFileType = sourcecode.c.objc; path = ThumbsViewController.m; sourceTree = "<group>"; };
		59473A251AD13F1E00F05469 /* UIXToolbarView.h */ = {isa = PBXFileReference; fileEncoding = 4; lastKnownFileType = sourcecode.c.h; path = UIXToolbarView.h; sourceTree = "<group>"; };
		59473A261AD13F1E00F05469 /* UIXToolbarView.m */ = {isa = PBXFileReference; fileEncoding = 4; lastKnownFileType = sourcecode.c.objc; path = UIXToolbarView.m; sourceTree = "<group>"; };
		59473A3B1AD13F2D00F05469 /* FLGVfrReaderViewController.h */ = {isa = PBXFileReference; fileEncoding = 4; lastKnownFileType = sourcecode.c.h; path = FLGVfrReaderViewController.h; sourceTree = "<group>"; };
		59473A3C1AD13F2D00F05469 /* FLGVfrReaderViewController.m */ = {isa = PBXFileReference; fileEncoding = 4; lastKnownFileType = sourcecode.c.objc; path = FLGVfrReaderViewController.m; sourceTree = "<group>"; };
		59473A3E1AD1432400F05469 /* Reader.pdf */ = {isa = PBXFileReference; lastKnownFileType = image.pdf; path = Reader.pdf; sourceTree = "<group>"; };
		59473A411AD147E200F05469 /* Reader-Button-H.png */ = {isa = PBXFileReference; lastKnownFileType = image.png; path = "Reader-Button-H.png"; sourceTree = "<group>"; };
		59473A421AD147E200F05469 /* Reader-Button-H@2x.png */ = {isa = PBXFileReference; lastKnownFileType = image.png; path = "Reader-Button-H@2x.png"; sourceTree = "<group>"; };
		59473A431AD147E200F05469 /* Reader-Button-N.png */ = {isa = PBXFileReference; lastKnownFileType = image.png; path = "Reader-Button-N.png"; sourceTree = "<group>"; };
		59473A441AD147E200F05469 /* Reader-Button-N@2x.png */ = {isa = PBXFileReference; lastKnownFileType = image.png; path = "Reader-Button-N@2x.png"; sourceTree = "<group>"; };
		59473A451AD147E200F05469 /* Reader-Email.png */ = {isa = PBXFileReference; lastKnownFileType = image.png; path = "Reader-Email.png"; sourceTree = "<group>"; };
		59473A461AD147E200F05469 /* Reader-Email@2x.png */ = {isa = PBXFileReference; lastKnownFileType = image.png; path = "Reader-Email@2x.png"; sourceTree = "<group>"; };
		59473A471AD147E200F05469 /* Reader-Export.png */ = {isa = PBXFileReference; lastKnownFileType = image.png; path = "Reader-Export.png"; sourceTree = "<group>"; };
		59473A481AD147E200F05469 /* Reader-Export@2x.png */ = {isa = PBXFileReference; lastKnownFileType = image.png; path = "Reader-Export@2x.png"; sourceTree = "<group>"; };
		59473A491AD147E200F05469 /* Reader-Mark-N.png */ = {isa = PBXFileReference; lastKnownFileType = image.png; path = "Reader-Mark-N.png"; sourceTree = "<group>"; };
		59473A4A1AD147E200F05469 /* Reader-Mark-N@2x.png */ = {isa = PBXFileReference; lastKnownFileType = image.png; path = "Reader-Mark-N@2x.png"; sourceTree = "<group>"; };
		59473A4B1AD147E200F05469 /* Reader-Mark-Y.png */ = {isa = PBXFileReference; lastKnownFileType = image.png; path = "Reader-Mark-Y.png"; sourceTree = "<group>"; };
		59473A4C1AD147E200F05469 /* Reader-Mark-Y@2x.png */ = {isa = PBXFileReference; lastKnownFileType = image.png; path = "Reader-Mark-Y@2x.png"; sourceTree = "<group>"; };
		59473A4D1AD147E200F05469 /* Reader-Print.png */ = {isa = PBXFileReference; lastKnownFileType = image.png; path = "Reader-Print.png"; sourceTree = "<group>"; };
		59473A4E1AD147E200F05469 /* Reader-Print@2x.png */ = {isa = PBXFileReference; lastKnownFileType = image.png; path = "Reader-Print@2x.png"; sourceTree = "<group>"; };
		59473A4F1AD147E200F05469 /* Reader-Thumbs.png */ = {isa = PBXFileReference; lastKnownFileType = image.png; path = "Reader-Thumbs.png"; sourceTree = "<group>"; };
		59473A501AD147E200F05469 /* Reader-Thumbs@2x.png */ = {isa = PBXFileReference; lastKnownFileType = image.png; path = "Reader-Thumbs@2x.png"; sourceTree = "<group>"; };
		59473A611AD14A8300F05469 /* Practica.pdf */ = {isa = PBXFileReference; lastKnownFileType = image.pdf; path = Practica.pdf; sourceTree = "<group>"; };
		59473A651AD1BE2A00F05469 /* ReaderDocument+FLGHackerBooks.h */ = {isa = PBXFileReference; fileEncoding = 4; lastKnownFileType = sourcecode.c.h; path = "ReaderDocument+FLGHackerBooks.h"; sourceTree = "<group>"; };
		59473A661AD1BE2A00F05469 /* ReaderDocument+FLGHackerBooks.m */ = {isa = PBXFileReference; fileEncoding = 4; lastKnownFileType = sourcecode.c.objc; path = "ReaderDocument+FLGHackerBooks.m"; sourceTree = "<group>"; };
		5949E6F41ACCAC1A009E2DAB /* FLGPdfViewController.h */ = {isa = PBXFileReference; fileEncoding = 4; lastKnownFileType = sourcecode.c.h; path = FLGPdfViewController.h; sourceTree = "<group>"; };
		5949E6F51ACCAC1A009E2DAB /* FLGPdfViewController.m */ = {isa = PBXFileReference; fileEncoding = 4; lastKnownFileType = sourcecode.c.objc; path = FLGPdfViewController.m; sourceTree = "<group>"; };
		5949E6F61ACCAC1A009E2DAB /* FLGPdfViewController.xib */ = {isa = PBXFileReference; fileEncoding = 4; lastKnownFileType = file.xib; path = FLGPdfViewController.xib; sourceTree = "<group>"; };
		5949E6F91ACD84E9009E2DAB /* FLGBookTableViewCell.h */ = {isa = PBXFileReference; fileEncoding = 4; lastKnownFileType = sourcecode.c.h; path = FLGBookTableViewCell.h; sourceTree = "<group>"; };
		5949E6FA1ACD84E9009E2DAB /* FLGBookTableViewCell.m */ = {isa = PBXFileReference; fileEncoding = 4; lastKnownFileType = sourcecode.c.objc; path = FLGBookTableViewCell.m; sourceTree = "<group>"; };
		5949E6FB1ACD84E9009E2DAB /* FLGBookTableViewCell.xib */ = {isa = PBXFileReference; fileEncoding = 4; lastKnownFileType = file.xib; path = FLGBookTableViewCell.xib; sourceTree = "<group>"; };
		5949E7001ACD9013009E2DAB /* favourite_off.png */ = {isa = PBXFileReference; lastKnownFileType = image.png; path = favourite_off.png; sourceTree = "<group>"; };
		5949E7011ACD9013009E2DAB /* favourite_on.png */ = {isa = PBXFileReference; lastKnownFileType = image.png; path = favourite_on.png; sourceTree = "<group>"; };
		5949E70A1ACD94D7009E2DAB /* open_pdf.png */ = {isa = PBXFileReference; lastKnownFileType = image.png; path = open_pdf.png; sourceTree = "<group>"; };
		5949E70B1ACD94D7009E2DAB /* open_pdf@2x.png */ = {isa = PBXFileReference; lastKnownFileType = image.png; path = "open_pdf@2x.png"; sourceTree = "<group>"; };
		5949E7131ACEEED4009E2DAB /* FLGBookViewController~iphone.xib */ = {isa = PBXFileReference; fileEncoding = 4; lastKnownFileType = file.xib; path = "FLGBookViewController~iphone.xib"; sourceTree = "<group>"; };
		5949E7151ACF221E009E2DAB /* saved_on.png */ = {isa = PBXFileReference; lastKnownFileType = image.png; path = saved_on.png; sourceTree = "<group>"; };
		5949E7171ACF23E7009E2DAB /* favourite_icon_off.png */ = {isa = PBXFileReference; lastKnownFileType = image.png; path = favourite_icon_off.png; sourceTree = "<group>"; };
		5949E7181ACF23E7009E2DAB /* favourite_icon_on.png */ = {isa = PBXFileReference; lastKnownFileType = image.png; path = favourite_icon_on.png; sourceTree = "<group>"; };
		5949E7191ACF23E7009E2DAB /* saved_icon.png */ = {isa = PBXFileReference; lastKnownFileType = image.png; path = saved_icon.png; sourceTree = "<group>"; };
		5993FCE41ACB71E500273B61 /* FLGSandboxUtils.h */ = {isa = PBXFileReference; fileEncoding = 4; lastKnownFileType = sourcecode.c.h; path = FLGSandboxUtils.h; sourceTree = "<group>"; };
		5993FCE51ACB71E500273B61 /* FLGSandboxUtils.m */ = {isa = PBXFileReference; fileEncoding = 4; lastKnownFileType = sourcecode.c.objc; path = FLGSandboxUtils.m; sourceTree = "<group>"; };
		5993FCEB1ACC99ED00273B61 /* FLGBookViewController.h */ = {isa = PBXFileReference; fileEncoding = 4; lastKnownFileType = sourcecode.c.h; path = FLGBookViewController.h; sourceTree = "<group>"; };
		5993FCEC1ACC99ED00273B61 /* FLGBookViewController.m */ = {isa = PBXFileReference; fileEncoding = 4; lastKnownFileType = sourcecode.c.objc; path = FLGBookViewController.m; sourceTree = "<group>"; };
		5993FCED1ACC99ED00273B61 /* FLGBookViewController.xib */ = {isa = PBXFileReference; fileEncoding = 4; lastKnownFileType = file.xib; path = FLGBookViewController.xib; sourceTree = "<group>"; };
		59FDD59B1AC99B5B0062037B /* HackerBooks.app */ = {isa = PBXFileReference; explicitFileType = wrapper.application; includeInIndex = 0; path = HackerBooks.app; sourceTree = BUILT_PRODUCTS_DIR; };
		59FDD59F1AC99B5B0062037B /* Info.plist */ = {isa = PBXFileReference; lastKnownFileType = text.plist.xml; path = Info.plist; sourceTree = "<group>"; };
		59FDD5A01AC99B5B0062037B /* main.m */ = {isa = PBXFileReference; lastKnownFileType = sourcecode.c.objc; path = main.m; sourceTree = "<group>"; };
		59FDD5A21AC99B5B0062037B /* AppDelegate.h */ = {isa = PBXFileReference; lastKnownFileType = sourcecode.c.h; path = AppDelegate.h; sourceTree = "<group>"; };
		59FDD5A31AC99B5B0062037B /* AppDelegate.m */ = {isa = PBXFileReference; lastKnownFileType = sourcecode.c.objc; path = AppDelegate.m; sourceTree = "<group>"; };
		59FDD5A51AC99B5B0062037B /* Images.xcassets */ = {isa = PBXFileReference; lastKnownFileType = folder.assetcatalog; path = Images.xcassets; sourceTree = "<group>"; };
		59FDD5A81AC99B5B0062037B /* Base */ = {isa = PBXFileReference; lastKnownFileType = file.xib; name = Base; path = Base.lproj/LaunchScreen.xib; sourceTree = "<group>"; };
		59FDD5AE1AC99B5B0062037B /* HackerBooksTests.xctest */ = {isa = PBXFileReference; explicitFileType = wrapper.cfbundle; includeInIndex = 0; path = HackerBooksTests.xctest; sourceTree = BUILT_PRODUCTS_DIR; };
		59FDD5B31AC99B5B0062037B /* Info.plist */ = {isa = PBXFileReference; lastKnownFileType = text.plist.xml; path = Info.plist; sourceTree = "<group>"; };
		59FDD5B41AC99B5B0062037B /* HackerBooksTests.m */ = {isa = PBXFileReference; lastKnownFileType = sourcecode.c.objc; path = HackerBooksTests.m; sourceTree = "<group>"; };
		59FDD5BE1AC99F010062037B /* FLGConstants.h */ = {isa = PBXFileReference; lastKnownFileType = sourcecode.c.h; path = FLGConstants.h; sourceTree = "<group>"; };
		59FDD5C01AC99F2D0062037B /* FLGBook.h */ = {isa = PBXFileReference; fileEncoding = 4; lastKnownFileType = sourcecode.c.h; path = FLGBook.h; sourceTree = "<group>"; };
		59FDD5C11AC99F2D0062037B /* FLGBook.m */ = {isa = PBXFileReference; fileEncoding = 4; lastKnownFileType = sourcecode.c.objc; path = FLGBook.m; sourceTree = "<group>"; };
		59FDD5C41AC9A0ED0062037B /* FLGLibrary.h */ = {isa = PBXFileReference; fileEncoding = 4; lastKnownFileType = sourcecode.c.h; path = FLGLibrary.h; sourceTree = "<group>"; };
		59FDD5C51AC9A0ED0062037B /* FLGLibrary.m */ = {isa = PBXFileReference; fileEncoding = 4; lastKnownFileType = sourcecode.c.objc; path = FLGLibrary.m; sourceTree = "<group>"; };
		59FDD5CA1ACA82C60062037B /* FLGJSONUtils.h */ = {isa = PBXFileReference; fileEncoding = 4; lastKnownFileType = sourcecode.c.h; path = FLGJSONUtils.h; sourceTree = "<group>"; };
		59FDD5CB1ACA82C60062037B /* FLGJSONUtils.m */ = {isa = PBXFileReference; fileEncoding = 4; lastKnownFileType = sourcecode.c.objc; path = FLGJSONUtils.m; sourceTree = "<group>"; };
		59FDD5CE1ACA97150062037B /* FLGLibraryTableViewController.h */ = {isa = PBXFileReference; fileEncoding = 4; lastKnownFileType = sourcecode.c.h; path = FLGLibraryTableViewController.h; sourceTree = "<group>"; };
		59FDD5CF1ACA97150062037B /* FLGLibraryTableViewController.m */ = {isa = PBXFileReference; fileEncoding = 4; lastKnownFileType = sourcecode.c.objc; path = FLGLibraryTableViewController.m; sourceTree = "<group>"; };
/* End PBXFileReference section */

/* Begin PBXFrameworksBuildPhase section */
		59FDD5981AC99B5B0062037B /* Frameworks */ = {
			isa = PBXFrameworksBuildPhase;
			buildActionMask = 2147483647;
			files = (
			);
			runOnlyForDeploymentPostprocessing = 0;
		};
		59FDD5AB1AC99B5B0062037B /* Frameworks */ = {
			isa = PBXFrameworksBuildPhase;
			buildActionMask = 2147483647;
			files = (
			);
			runOnlyForDeploymentPostprocessing = 0;
		};
/* End PBXFrameworksBuildPhase section */

/* Begin PBXGroup section */
		594739FE1AD13F1E00F05469 /* Sources */ = {
			isa = PBXGroup;
			children = (
				594739FF1AD13F1E00F05469 /* CGPDFDocument.h */,
				59473A001AD13F1E00F05469 /* CGPDFDocument.m */,
				59473A011AD13F1E00F05469 /* ReaderConstants.h */,
				59473A021AD13F1E00F05469 /* ReaderConstants.m */,
				59473A031AD13F1E00F05469 /* ReaderContentPage.h */,
				59473A041AD13F1E00F05469 /* ReaderContentPage.m */,
				59473A051AD13F1E00F05469 /* ReaderContentTile.h */,
				59473A061AD13F1E00F05469 /* ReaderContentTile.m */,
				59473A071AD13F1E00F05469 /* ReaderContentView.h */,
				59473A081AD13F1E00F05469 /* ReaderContentView.m */,
				59473A091AD13F1E00F05469 /* ReaderDocument.h */,
				59473A0A1AD13F1E00F05469 /* ReaderDocument.m */,
				59473A0B1AD13F1E00F05469 /* ReaderDocumentOutline.h */,
				59473A0C1AD13F1E00F05469 /* ReaderDocumentOutline.m */,
				59473A0D1AD13F1E00F05469 /* ReaderMainPagebar.h */,
				59473A0E1AD13F1E00F05469 /* ReaderMainPagebar.m */,
				59473A0F1AD13F1E00F05469 /* ReaderMainToolbar.h */,
				59473A101AD13F1E00F05469 /* ReaderMainToolbar.m */,
				59473A111AD13F1E00F05469 /* ReaderThumbCache.h */,
				59473A121AD13F1E00F05469 /* ReaderThumbCache.m */,
				59473A131AD13F1E00F05469 /* ReaderThumbFetch.h */,
				59473A141AD13F1E00F05469 /* ReaderThumbFetch.m */,
				59473A151AD13F1E00F05469 /* ReaderThumbQueue.h */,
				59473A161AD13F1E00F05469 /* ReaderThumbQueue.m */,
				59473A171AD13F1E00F05469 /* ReaderThumbRender.h */,
				59473A181AD13F1E00F05469 /* ReaderThumbRender.m */,
				59473A191AD13F1E00F05469 /* ReaderThumbRequest.h */,
				59473A1A1AD13F1E00F05469 /* ReaderThumbRequest.m */,
				59473A1B1AD13F1E00F05469 /* ReaderThumbsView.h */,
				59473A1C1AD13F1E00F05469 /* ReaderThumbsView.m */,
				59473A1D1AD13F1E00F05469 /* ReaderThumbView.h */,
				59473A1E1AD13F1E00F05469 /* ReaderThumbView.m */,
				59473A1F1AD13F1E00F05469 /* ReaderViewController.h */,
				59473A201AD13F1E00F05469 /* ReaderViewController.m */,
				59473A211AD13F1E00F05469 /* ThumbsMainToolbar.h */,
				59473A221AD13F1E00F05469 /* ThumbsMainToolbar.m */,
				59473A231AD13F1E00F05469 /* ThumbsViewController.h */,
				59473A241AD13F1E00F05469 /* ThumbsViewController.m */,
				59473A251AD13F1E00F05469 /* UIXToolbarView.h */,
				59473A261AD13F1E00F05469 /* UIXToolbarView.m */,
			);
			path = Sources;
			sourceTree = "<group>";
		};
		59473A401AD147D800F05469 /* vfrReader */ = {
			isa = PBXGroup;
			children = (
				59473A411AD147E200F05469 /* Reader-Button-H.png */,
				59473A421AD147E200F05469 /* Reader-Button-H@2x.png */,
				59473A431AD147E200F05469 /* Reader-Button-N.png */,
				59473A441AD147E200F05469 /* Reader-Button-N@2x.png */,
				59473A451AD147E200F05469 /* Reader-Email.png */,
				59473A461AD147E200F05469 /* Reader-Email@2x.png */,
				59473A471AD147E200F05469 /* Reader-Export.png */,
				59473A481AD147E200F05469 /* Reader-Export@2x.png */,
				59473A491AD147E200F05469 /* Reader-Mark-N.png */,
				59473A4A1AD147E200F05469 /* Reader-Mark-N@2x.png */,
				59473A4B1AD147E200F05469 /* Reader-Mark-Y.png */,
				59473A4C1AD147E200F05469 /* Reader-Mark-Y@2x.png */,
				59473A4D1AD147E200F05469 /* Reader-Print.png */,
				59473A4E1AD147E200F05469 /* Reader-Print@2x.png */,
				59473A4F1AD147E200F05469 /* Reader-Thumbs.png */,
				59473A501AD147E200F05469 /* Reader-Thumbs@2x.png */,
			);
			name = vfrReader;
			sourceTree = "<group>";
		};
		59473A681AD1BE2F00F05469 /* Categories */ = {
			isa = PBXGroup;
			children = (
				59473A651AD1BE2A00F05469 /* ReaderDocument+FLGHackerBooks.h */,
				59473A661AD1BE2A00F05469 /* ReaderDocument+FLGHackerBooks.m */,
			);
			name = Categories;
			sourceTree = "<group>";
		};
		5949E6FE1ACD84F5009E2DAB /* Views */ = {
			isa = PBXGroup;
			children = (
				5949E6F91ACD84E9009E2DAB /* FLGBookTableViewCell.h */,
				5949E6FA1ACD84E9009E2DAB /* FLGBookTableViewCell.m */,
				5949E6FB1ACD84E9009E2DAB /* FLGBookTableViewCell.xib */,
			);
			name = Views;
			sourceTree = "<group>";
		};
		5949E6FF1ACD9003009E2DAB /* Resources */ = {
			isa = PBXGroup;
			children = (
				59473A3E1AD1432400F05469 /* Reader.pdf */,
				59473A611AD14A8300F05469 /* Practica.pdf */,
				59473A401AD147D800F05469 /* vfrReader */,
				5949E7151ACF221E009E2DAB /* saved_on.png */,
				5949E7191ACF23E7009E2DAB /* saved_icon.png */,
				5949E7001ACD9013009E2DAB /* favourite_off.png */,
				5949E7011ACD9013009E2DAB /* favourite_on.png */,
				5949E7171ACF23E7009E2DAB /* favourite_icon_off.png */,
				5949E7181ACF23E7009E2DAB /* favourite_icon_on.png */,
				5949E70A1ACD94D7009E2DAB /* open_pdf.png */,
				5949E70B1ACD94D7009E2DAB /* open_pdf@2x.png */,
			);
			name = Resources;
			sourceTree = "<group>";
		};
		59FDD5921AC99B5B0062037B = {
			isa = PBXGroup;
			children = (
				59FDD59D1AC99B5B0062037B /* HackerBooks */,
				59FDD5B11AC99B5B0062037B /* HackerBooksTests */,
				59FDD59C1AC99B5B0062037B /* Products */,
			);
			sourceTree = "<group>";
		};
		59FDD59C1AC99B5B0062037B /* Products */ = {
			isa = PBXGroup;
			children = (
				59FDD59B1AC99B5B0062037B /* HackerBooks.app */,
				59FDD5AE1AC99B5B0062037B /* HackerBooksTests.xctest */,
			);
			name = Products;
			sourceTree = "<group>";
		};
		59FDD59D1AC99B5B0062037B /* HackerBooks */ = {
			isa = PBXGroup;
			children = (
				594739FE1AD13F1E00F05469 /* Sources */,
				5949E6FF1ACD9003009E2DAB /* Resources */,
				59473A681AD1BE2F00F05469 /* Categories */,
				59FDD5A21AC99B5B0062037B /* AppDelegate.h */,
				59FDD5A31AC99B5B0062037B /* AppDelegate.m */,
				59FDD5BF1AC99F090062037B /* Settings */,
				59FDD5D11ACA97180062037B /* Controllers */,
				5949E6FE1ACD84F5009E2DAB /* Views */,
				59FDD5C31AC99F320062037B /* Models */,
				59FDD5D21ACAA5FE0062037B /* Utils */,
				59FDD5A51AC99B5B0062037B /* Images.xcassets */,
				59FDD5A71AC99B5B0062037B /* LaunchScreen.xib */,
				59FDD59E1AC99B5B0062037B /* Supporting Files */,
			);
			path = HackerBooks;
			sourceTree = "<group>";
		};
		59FDD59E1AC99B5B0062037B /* Supporting Files */ = {
			isa = PBXGroup;
			children = (
				59FDD59F1AC99B5B0062037B /* Info.plist */,
				59FDD5A01AC99B5B0062037B /* main.m */,
			);
			name = "Supporting Files";
			sourceTree = "<group>";
		};
		59FDD5B11AC99B5B0062037B /* HackerBooksTests */ = {
			isa = PBXGroup;
			children = (
				59FDD5B41AC99B5B0062037B /* HackerBooksTests.m */,
				59FDD5B21AC99B5B0062037B /* Supporting Files */,
			);
			path = HackerBooksTests;
			sourceTree = "<group>";
		};
		59FDD5B21AC99B5B0062037B /* Supporting Files */ = {
			isa = PBXGroup;
			children = (
				59FDD5B31AC99B5B0062037B /* Info.plist */,
			);
			name = "Supporting Files";
			sourceTree = "<group>";
		};
		59FDD5BF1AC99F090062037B /* Settings */ = {
			isa = PBXGroup;
			children = (
				59FDD5BE1AC99F010062037B /* FLGConstants.h */,
			);
			name = Settings;
			sourceTree = "<group>";
		};
		59FDD5C31AC99F320062037B /* Models */ = {
			isa = PBXGroup;
			children = (
				59FDD5C01AC99F2D0062037B /* FLGBook.h */,
				59FDD5C11AC99F2D0062037B /* FLGBook.m */,
				59FDD5C41AC9A0ED0062037B /* FLGLibrary.h */,
				59FDD5C51AC9A0ED0062037B /* FLGLibrary.m */,
			);
			name = Models;
			sourceTree = "<group>";
		};
		59FDD5D11ACA97180062037B /* Controllers */ = {
			isa = PBXGroup;
			children = (
				59FDD5CE1ACA97150062037B /* FLGLibraryTableViewController.h */,
				59FDD5CF1ACA97150062037B /* FLGLibraryTableViewController.m */,
				5993FCEB1ACC99ED00273B61 /* FLGBookViewController.h */,
				5993FCEC1ACC99ED00273B61 /* FLGBookViewController.m */,
				5993FCED1ACC99ED00273B61 /* FLGBookViewController.xib */,
				5949E7131ACEEED4009E2DAB /* FLGBookViewController~iphone.xib */,
				5949E6F41ACCAC1A009E2DAB /* FLGPdfViewController.h */,
				5949E6F51ACCAC1A009E2DAB /* FLGPdfViewController.m */,
				5949E6F61ACCAC1A009E2DAB /* FLGPdfViewController.xib */,
				59473A3B1AD13F2D00F05469 /* FLGVfrReaderViewController.h */,
				59473A3C1AD13F2D00F05469 /* FLGVfrReaderViewController.m */,
			);
			name = Controllers;
			sourceTree = "<group>";
		};
		59FDD5D21ACAA5FE0062037B /* Utils */ = {
			isa = PBXGroup;
			children = (
				59FDD5CA1ACA82C60062037B /* FLGJSONUtils.h */,
				59FDD5CB1ACA82C60062037B /* FLGJSONUtils.m */,
				5993FCE41ACB71E500273B61 /* FLGSandboxUtils.h */,
				5993FCE51ACB71E500273B61 /* FLGSandboxUtils.m */,
			);
			name = Utils;
			sourceTree = "<group>";
		};
/* End PBXGroup section */

/* Begin PBXNativeTarget section */
		59FDD59A1AC99B5B0062037B /* HackerBooks */ = {
			isa = PBXNativeTarget;
			buildConfigurationList = 59FDD5B81AC99B5B0062037B /* Build configuration list for PBXNativeTarget "HackerBooks" */;
			buildPhases = (
				59FDD5971AC99B5B0062037B /* Sources */,
				59FDD5981AC99B5B0062037B /* Frameworks */,
				59FDD5991AC99B5B0062037B /* Resources */,
			);
			buildRules = (
			);
			dependencies = (
			);
			name = HackerBooks;
			productName = HackerBooks;
			productReference = 59FDD59B1AC99B5B0062037B /* HackerBooks.app */;
			productType = "com.apple.product-type.application";
		};
		59FDD5AD1AC99B5B0062037B /* HackerBooksTests */ = {
			isa = PBXNativeTarget;
			buildConfigurationList = 59FDD5BB1AC99B5B0062037B /* Build configuration list for PBXNativeTarget "HackerBooksTests" */;
			buildPhases = (
				59FDD5AA1AC99B5B0062037B /* Sources */,
				59FDD5AB1AC99B5B0062037B /* Frameworks */,
				59FDD5AC1AC99B5B0062037B /* Resources */,
			);
			buildRules = (
			);
			dependencies = (
				59FDD5B01AC99B5B0062037B /* PBXTargetDependency */,
			);
			name = HackerBooksTests;
			productName = HackerBooksTests;
			productReference = 59FDD5AE1AC99B5B0062037B /* HackerBooksTests.xctest */;
			productType = "com.apple.product-type.bundle.unit-test";
		};
/* End PBXNativeTarget section */

/* Begin PBXProject section */
		59FDD5931AC99B5B0062037B /* Project object */ = {
			isa = PBXProject;
			attributes = {
				CLASSPREFIX = FLG;
				LastUpgradeCheck = 0620;
				ORGANIZATIONNAME = FillinGAPPs;
				TargetAttributes = {
					59FDD59A1AC99B5B0062037B = {
						CreatedOnToolsVersion = 6.2;
					};
					59FDD5AD1AC99B5B0062037B = {
						CreatedOnToolsVersion = 6.2;
						TestTargetID = 59FDD59A1AC99B5B0062037B;
					};
				};
			};
			buildConfigurationList = 59FDD5961AC99B5B0062037B /* Build configuration list for PBXProject "HackerBooks" */;
			compatibilityVersion = "Xcode 3.2";
			developmentRegion = English;
			hasScannedForEncodings = 0;
			knownRegions = (
				en,
				Base,
			);
			mainGroup = 59FDD5921AC99B5B0062037B;
			productRefGroup = 59FDD59C1AC99B5B0062037B /* Products */;
			projectDirPath = "";
			projectRoot = "";
			targets = (
				59FDD59A1AC99B5B0062037B /* HackerBooks */,
				59FDD5AD1AC99B5B0062037B /* HackerBooksTests */,
			);
		};
/* End PBXProject section */

/* Begin PBXResourcesBuildPhase section */
		59FDD5991AC99B5B0062037B /* Resources */ = {
			isa = PBXResourcesBuildPhase;
			buildActionMask = 2147483647;
			files = (
				59473A5D1AD147E200F05469 /* Reader-Print.png in Resources */,
				59FDD5A91AC99B5B0062037B /* LaunchScreen.xib in Resources */,
				5949E7031ACD9013009E2DAB /* favourite_on.png in Resources */,
				59473A591AD147E200F05469 /* Reader-Mark-N.png in Resources */,
				59473A571AD147E200F05469 /* Reader-Export.png in Resources */,
				5949E71C1ACF23E7009E2DAB /* saved_icon.png in Resources */,
				59473A581AD147E200F05469 /* Reader-Export@2x.png in Resources */,
				59473A561AD147E200F05469 /* Reader-Email@2x.png in Resources */,
				59473A5B1AD147E200F05469 /* Reader-Mark-Y.png in Resources */,
				5949E70C1ACD94D7009E2DAB /* open_pdf.png in Resources */,
				59473A5C1AD147E200F05469 /* Reader-Mark-Y@2x.png in Resources */,
				59473A5F1AD147E200F05469 /* Reader-Thumbs.png in Resources */,
				5949E7161ACF221E009E2DAB /* saved_on.png in Resources */,
				59473A601AD147E200F05469 /* Reader-Thumbs@2x.png in Resources */,
				5949E71A1ACF23E7009E2DAB /* favourite_icon_off.png in Resources */,
				59FDD5A61AC99B5B0062037B /* Images.xcassets in Resources */,
				59473A551AD147E200F05469 /* Reader-Email.png in Resources */,
				59473A511AD147E200F05469 /* Reader-Button-H.png in Resources */,
				5993FCEF1ACC99ED00273B61 /* FLGBookViewController.xib in Resources */,
				59473A531AD147E200F05469 /* Reader-Button-N.png in Resources */,
				5949E70D1ACD94D7009E2DAB /* open_pdf@2x.png in Resources */,
				5949E71B1ACF23E7009E2DAB /* favourite_icon_on.png in Resources */,
				5949E7021ACD9013009E2DAB /* favourite_off.png in Resources */,
				59473A541AD147E200F05469 /* Reader-Button-N@2x.png in Resources */,
				59473A621AD14A8300F05469 /* Practica.pdf in Resources */,
				59473A521AD147E200F05469 /* Reader-Button-H@2x.png in Resources */,
				5949E6FD1ACD84E9009E2DAB /* FLGBookTableViewCell.xib in Resources */,
				5949E7141ACEEED4009E2DAB /* FLGBookViewController~iphone.xib in Resources */,
				59473A3F1AD1432400F05469 /* Reader.pdf in Resources */,
				59473A5A1AD147E200F05469 /* Reader-Mark-N@2x.png in Resources */,
				59473A5E1AD147E200F05469 /* Reader-Print@2x.png in Resources */,
				5949E6F81ACCAC1A009E2DAB /* FLGPdfViewController.xib in Resources */,
			);
			runOnlyForDeploymentPostprocessing = 0;
		};
		59FDD5AC1AC99B5B0062037B /* Resources */ = {
			isa = PBXResourcesBuildPhase;
			buildActionMask = 2147483647;
			files = (
			);
			runOnlyForDeploymentPostprocessing = 0;
		};
/* End PBXResourcesBuildPhase section */

/* Begin PBXSourcesBuildPhase section */
		59FDD5971AC99B5B0062037B /* Sources */ = {
			isa = PBXSourcesBuildPhase;
			buildActionMask = 2147483647;
			files = (
				59473A301AD13F1E00F05469 /* ReaderThumbCache.m in Sources */,
				59473A281AD13F1E00F05469 /* ReaderConstants.m in Sources */,
				59473A291AD13F1E00F05469 /* ReaderContentPage.m in Sources */,
				59473A371AD13F1E00F05469 /* ReaderViewController.m in Sources */,
				59473A341AD13F1E00F05469 /* ReaderThumbRequest.m in Sources */,
				59473A321AD13F1E00F05469 /* ReaderThumbQueue.m in Sources */,
				59473A391AD13F1E00F05469 /* ThumbsViewController.m in Sources */,
				59473A2E1AD13F1E00F05469 /* ReaderMainPagebar.m in Sources */,
				59473A2D1AD13F1E00F05469 /* ReaderDocumentOutline.m in Sources */,
				59FDD5A41AC99B5B0062037B /* AppDelegate.m in Sources */,
				59473A361AD13F1E00F05469 /* ReaderThumbView.m in Sources */,
				59473A351AD13F1E00F05469 /* ReaderThumbsView.m in Sources */,
				59473A2B1AD13F1E00F05469 /* ReaderContentView.m in Sources */,
				59FDD5C61AC9A0ED0062037B /* FLGLibrary.m in Sources */,
				59FDD5A11AC99B5B0062037B /* main.m in Sources */,
				59473A331AD13F1E00F05469 /* ReaderThumbRender.m in Sources */,
				59FDD5D01ACA97150062037B /* FLGLibraryTableViewController.m in Sources */,
				59473A3A1AD13F1E00F05469 /* UIXToolbarView.m in Sources */,
				59473A3D1AD13F2D00F05469 /* FLGVfrReaderViewController.m in Sources */,
				5949E6FC1ACD84E9009E2DAB /* FLGBookTableViewCell.m in Sources */,
				5993FCE61ACB71E500273B61 /* FLGSandboxUtils.m in Sources */,
				59473A2A1AD13F1E00F05469 /* ReaderContentTile.m in Sources */,
				5993FCEE1ACC99ED00273B61 /* FLGBookViewController.m in Sources */,
				59473A2F1AD13F1E00F05469 /* ReaderMainToolbar.m in Sources */,
				59473A381AD13F1E00F05469 /* ThumbsMainToolbar.m in Sources */,
				59473A311AD13F1E00F05469 /* ReaderThumbFetch.m in Sources */,
				59473A271AD13F1E00F05469 /* CGPDFDocument.m in Sources */,
				5949E6F71ACCAC1A009E2DAB /* FLGPdfViewController.m in Sources */,
				59473A671AD1BE2A00F05469 /* ReaderDocument+FLGHackerBooks.m in Sources */,
				59473A2C1AD13F1E00F05469 /* ReaderDocument.m in Sources */,
				59FDD5CC1ACA82C60062037B /* FLGJSONUtils.m in Sources */,
				59FDD5C21AC99F2D0062037B /* FLGBook.m in Sources */,
			);
			runOnlyForDeploymentPostprocessing = 0;
		};
		59FDD5AA1AC99B5B0062037B /* Sources */ = {
			isa = PBXSourcesBuildPhase;
			buildActionMask = 2147483647;
			files = (
				59FDD5B51AC99B5B0062037B /* HackerBooksTests.m in Sources */,
			);
			runOnlyForDeploymentPostprocessing = 0;
		};
/* End PBXSourcesBuildPhase section */

/* Begin PBXTargetDependency section */
		59FDD5B01AC99B5B0062037B /* PBXTargetDependency */ = {
			isa = PBXTargetDependency;
			target = 59FDD59A1AC99B5B0062037B /* HackerBooks */;
			targetProxy = 59FDD5AF1AC99B5B0062037B /* PBXContainerItemProxy */;
		};
/* End PBXTargetDependency section */

/* Begin PBXVariantGroup section */
		59FDD5A71AC99B5B0062037B /* LaunchScreen.xib */ = {
			isa = PBXVariantGroup;
			children = (
				59FDD5A81AC99B5B0062037B /* Base */,
			);
			name = LaunchScreen.xib;
			sourceTree = "<group>";
		};
/* End PBXVariantGroup section */

/* Begin XCBuildConfiguration section */
		59FDD5B61AC99B5B0062037B /* Debug */ = {
			isa = XCBuildConfiguration;
			buildSettings = {
				ALWAYS_SEARCH_USER_PATHS = NO;
				CLANG_CXX_LANGUAGE_STANDARD = "gnu++0x";
				CLANG_CXX_LIBRARY = "libc++";
				CLANG_ENABLE_MODULES = YES;
				CLANG_ENABLE_OBJC_ARC = YES;
				CLANG_WARN_BOOL_CONVERSION = YES;
				CLANG_WARN_CONSTANT_CONVERSION = YES;
				CLANG_WARN_DIRECT_OBJC_ISA_USAGE = YES_ERROR;
				CLANG_WARN_EMPTY_BODY = YES;
				CLANG_WARN_ENUM_CONVERSION = YES;
				CLANG_WARN_INT_CONVERSION = YES;
				CLANG_WARN_OBJC_ROOT_CLASS = YES_ERROR;
				CLANG_WARN_UNREACHABLE_CODE = YES;
				CLANG_WARN__DUPLICATE_METHOD_MATCH = YES;
				"CODE_SIGN_IDENTITY[sdk=iphoneos*]" = "iPhone Developer";
				COPY_PHASE_STRIP = NO;
				ENABLE_STRICT_OBJC_MSGSEND = YES;
				GCC_C_LANGUAGE_STANDARD = gnu99;
				GCC_DYNAMIC_NO_PIC = NO;
				GCC_OPTIMIZATION_LEVEL = 0;
				GCC_PREPROCESSOR_DEFINITIONS = (
					"DEBUG=1",
					"$(inherited)",
				);
				GCC_SYMBOLS_PRIVATE_EXTERN = NO;
				GCC_WARN_64_TO_32_BIT_CONVERSION = YES;
				GCC_WARN_ABOUT_RETURN_TYPE = YES_ERROR;
				GCC_WARN_UNDECLARED_SELECTOR = YES;
				GCC_WARN_UNINITIALIZED_AUTOS = YES_AGGRESSIVE;
				GCC_WARN_UNUSED_FUNCTION = YES;
				GCC_WARN_UNUSED_VARIABLE = YES;
				IPHONEOS_DEPLOYMENT_TARGET = 8.2;
				MTL_ENABLE_DEBUG_INFO = YES;
				ONLY_ACTIVE_ARCH = YES;
				SDKROOT = iphoneos;
				TARGETED_DEVICE_FAMILY = 2;
			};
			name = Debug;
		};
		59FDD5B71AC99B5B0062037B /* Release */ = {
			isa = XCBuildConfiguration;
			buildSettings = {
				ALWAYS_SEARCH_USER_PATHS = NO;
				CLANG_CXX_LANGUAGE_STANDARD = "gnu++0x";
				CLANG_CXX_LIBRARY = "libc++";
				CLANG_ENABLE_MODULES = YES;
				CLANG_ENABLE_OBJC_ARC = YES;
				CLANG_WARN_BOOL_CONVERSION = YES;
				CLANG_WARN_CONSTANT_CONVERSION = YES;
				CLANG_WARN_DIRECT_OBJC_ISA_USAGE = YES_ERROR;
				CLANG_WARN_EMPTY_BODY = YES;
				CLANG_WARN_ENUM_CONVERSION = YES;
				CLANG_WARN_INT_CONVERSION = YES;
				CLANG_WARN_OBJC_ROOT_CLASS = YES_ERROR;
				CLANG_WARN_UNREACHABLE_CODE = YES;
				CLANG_WARN__DUPLICATE_METHOD_MATCH = YES;
				"CODE_SIGN_IDENTITY[sdk=iphoneos*]" = "iPhone Developer";
				COPY_PHASE_STRIP = NO;
				ENABLE_NS_ASSERTIONS = NO;
				ENABLE_STRICT_OBJC_MSGSEND = YES;
				GCC_C_LANGUAGE_STANDARD = gnu99;
				GCC_WARN_64_TO_32_BIT_CONVERSION = YES;
				GCC_WARN_ABOUT_RETURN_TYPE = YES_ERROR;
				GCC_WARN_UNDECLARED_SELECTOR = YES;
				GCC_WARN_UNINITIALIZED_AUTOS = YES_AGGRESSIVE;
				GCC_WARN_UNUSED_FUNCTION = YES;
				GCC_WARN_UNUSED_VARIABLE = YES;
				IPHONEOS_DEPLOYMENT_TARGET = 8.2;
				MTL_ENABLE_DEBUG_INFO = NO;
				SDKROOT = iphoneos;
				TARGETED_DEVICE_FAMILY = 2;
				VALIDATE_PRODUCT = YES;
			};
			name = Release;
		};
		59FDD5B91AC99B5B0062037B /* Debug */ = {
			isa = XCBuildConfiguration;
			buildSettings = {
				ASSETCATALOG_COMPILER_APPICON_NAME = AppIcon;
				INFOPLIST_FILE = HackerBooks/Info.plist;
				IPHONEOS_DEPLOYMENT_TARGET = 8.0;
				LD_RUNPATH_SEARCH_PATHS = "$(inherited) @executable_path/Frameworks";
				PRODUCT_NAME = "$(TARGET_NAME)";
				TARGETED_DEVICE_FAMILY = "1,2";
			};
			name = Debug;
		};
		59FDD5BA1AC99B5B0062037B /* Release */ = {
			isa = XCBuildConfiguration;
			buildSettings = {
				ASSETCATALOG_COMPILER_APPICON_NAME = AppIcon;
				INFOPLIST_FILE = HackerBooks/Info.plist;
				IPHONEOS_DEPLOYMENT_TARGET = 8.0;
				LD_RUNPATH_SEARCH_PATHS = "$(inherited) @executable_path/Frameworks";
				PRODUCT_NAME = "$(TARGET_NAME)";
				TARGETED_DEVICE_FAMILY = "1,2";
			};
			name = Release;
		};
		59FDD5BC1AC99B5B0062037B /* Debug */ = {
			isa = XCBuildConfiguration;
			buildSettings = {
				BUNDLE_LOADER = "$(TEST_HOST)";
				FRAMEWORK_SEARCH_PATHS = (
					"$(SDKROOT)/Developer/Library/Frameworks",
					"$(inherited)",
				);
				GCC_PREPROCESSOR_DEFINITIONS = (
					"DEBUG=1",
					"$(inherited)",
				);
				INFOPLIST_FILE = HackerBooksTests/Info.plist;
				LD_RUNPATH_SEARCH_PATHS = "$(inherited) @executable_path/Frameworks @loader_path/Frameworks";
				PRODUCT_NAME = "$(TARGET_NAME)";
				TEST_HOST = "$(BUILT_PRODUCTS_DIR)/HackerBooks.app/HackerBooks";
			};
			name = Debug;
		};
		59FDD5BD1AC99B5B0062037B /* Release */ = {
			isa = XCBuildConfiguration;
			buildSettings = {
				BUNDLE_LOADER = "$(TEST_HOST)";
				FRAMEWORK_SEARCH_PATHS = (
					"$(SDKROOT)/Developer/Library/Frameworks",
					"$(inherited)",
				);
				INFOPLIST_FILE = HackerBooksTests/Info.plist;
				LD_RUNPATH_SEARCH_PATHS = "$(inherited) @executable_path/Frameworks @loader_path/Frameworks";
				PRODUCT_NAME = "$(TARGET_NAME)";
				TEST_HOST = "$(BUILT_PRODUCTS_DIR)/HackerBooks.app/HackerBooks";
			};
			name = Release;
		};
/* End XCBuildConfiguration section */

/* Begin XCConfigurationList section */
		59FDD5961AC99B5B0062037B /* Build configuration list for PBXProject "HackerBooks" */ = {
			isa = XCConfigurationList;
			buildConfigurations = (
				59FDD5B61AC99B5B0062037B /* Debug */,
				59FDD5B71AC99B5B0062037B /* Release */,
			);
			defaultConfigurationIsVisible = 0;
			defaultConfigurationName = Release;
		};
		59FDD5B81AC99B5B0062037B /* Build configuration list for PBXNativeTarget "HackerBooks" */ = {
			isa = XCConfigurationList;
			buildConfigurations = (
				59FDD5B91AC99B5B0062037B /* Debug */,
				59FDD5BA1AC99B5B0062037B /* Release */,
			);
			defaultConfigurationIsVisible = 0;
			defaultConfigurationName = Release;
		};
		59FDD5BB1AC99B5B0062037B /* Build configuration list for PBXNativeTarget "HackerBooksTests" */ = {
			isa = XCConfigurationList;
			buildConfigurations = (
				59FDD5BC1AC99B5B0062037B /* Debug */,
				59FDD5BD1AC99B5B0062037B /* Release */,
			);
			defaultConfigurationIsVisible = 0;
			defaultConfigurationName = Release;
		};
/* End XCConfigurationList section */
	};
	rootObject = 59FDD5931AC99B5B0062037B /* Project object */;
}
